
Microsoft Visual Studio Solution File, Format Version 12.00
# Visual Studio Version 16
VisualStudioVersion = 16.0.31515.178
MinimumVisualStudioVersion = 10.0.40219.1
Project("{FAE04EC0-301F-11D3-BF4B-00C04F79EFBC}") = "SPM.Learning.DSA.LL", "SPM.Learning.DSA.LL\SPM.Learning.DSA.LL.csproj", "{05CE2B9B-FD91-4965-9D62-D2E4E80E954A}"
EndProject
Global
	GlobalSection(SolutionConfigurationPlatforms) = preSolution
		Debug|Any CPU = Debug|Any CPU
		Release|Any CPU = Release|Any CPU
	EndGlobalSection
	GlobalSection(ProjectConfigurationPlatforms) = postSolution
		{05CE2B9B-FD91-4965-9D62-D2E4E80E954A}.Debug|Any CPU.ActiveCfg = Debug|Any CPU
		{05CE2B9B-FD91-4965-9D62-D2E4E80E954A}.Debug|Any CPU.Build.0 = Debug|Any CPU
		{05CE2B9B-FD91-4965-9D62-D2E4E80E954A}.Release|Any CPU.ActiveCfg = Release|Any CPU
		{05CE2B9B-FD91-4965-9D62-D2E4E80E954A}.Release|Any CPU.Build.0 = Release|Any CPU
	EndGlobalSection
	GlobalSection(SolutionProperties) = preSolution
		HideSolutionNode = FALSE
	EndGlobalSection
	GlobalSection(ExtensibilityGlobals) = postSolution
		SolutionGuid = {AA72E287-0978-4E49-AD39-08944D0A3CD1}
	EndGlobalSection
EndGlobal
